{
  "object": {
    "pins": [
      {
        "package": "Mocker",
        "repositoryURL": "https://github.com/WeTransfer/Mocker.git",
        "state": {
          "branch": null,
          "revision": "352066f1a29108548386487ae083b4115e94c1fb",
          "version": "2.5.4"
        }
      },
      {
        "package": "ServiceContainer",
        "repositoryURL": "https://github.com/Sergejs/ServiceContainer.git",
        "state": {
          "branch": "main",
          "revision": "769febf991b1069d8790d23e0e701fd202c8e4a6",
          "version": null
        }
      }
    ]
  },
  "version": 1
}
