{
  "object": {
    "pins": [
      {
        "package": "Mocker",
        "repositoryURL": "https://github.com/WeTransfer/Mocker.git",
        "state": {
          "branch": null,
          "revision": "077c52a31f5ebb649ebe546cc77d8647760b2279",
          "version": "2.5.5"
        }
      },
      {
        "package": "ServiceContainer",
        "repositoryURL": "https://github.com/Sergejs/ServiceContainer.git",
        "state": {
          "branch": null,
          "revision": "9fddea459393de1d06ad8ef7df3c264f5e98335c",
          "version": "0.2.0"
        }
      }
    ]
  },
  "version": 1
}
